
Microsoft Visual Studio Solution File, Format Version 12.00
# Visual Studio Version 16
VisualStudioVersion = 16.0.30523.141
MinimumVisualStudioVersion = 10.0.40219.1
Project("{FAE04EC0-301F-11D3-BF4B-00C04F79EFBC}") = "CW1_IP", "CW1_IP.csproj", "{7CD6824E-F44A-4E9A-8255-9EE1BE5AA81D}"
EndProject
Project("{FAE04EC0-301F-11D3-BF4B-00C04F79EFBC}") = "HtmlCodeTests2", "..\HtmlCodeTests2\HtmlCodeTests2.csproj", "{3772208A-2DC3-4CE4-9A74-2D07086CCD09}"
EndProject
Project("{FAE04EC0-301F-11D3-BF4B-00C04F79EFBC}") = "FavTests", "..\FavTests\FavTests.csproj", "{925F83AA-99D1-472E-9E49-C41A965E674C}"
EndProject
Global
	GlobalSection(SolutionConfigurationPlatforms) = preSolution
		Debug|Any CPU = Debug|Any CPU
		Release|Any CPU = Release|Any CPU
	EndGlobalSection
	GlobalSection(ProjectConfigurationPlatforms) = postSolution
		{7CD6824E-F44A-4E9A-8255-9EE1BE5AA81D}.Debug|Any CPU.ActiveCfg = Debug|Any CPU
		{7CD6824E-F44A-4E9A-8255-9EE1BE5AA81D}.Debug|Any CPU.Build.0 = Debug|Any CPU
		{7CD6824E-F44A-4E9A-8255-9EE1BE5AA81D}.Release|Any CPU.ActiveCfg = Release|Any CPU
		{7CD6824E-F44A-4E9A-8255-9EE1BE5AA81D}.Release|Any CPU.Build.0 = Release|Any CPU
		{3772208A-2DC3-4CE4-9A74-2D07086CCD09}.Debug|Any CPU.ActiveCfg = Debug|Any CPU
		{3772208A-2DC3-4CE4-9A74-2D07086CCD09}.Debug|Any CPU.Build.0 = Debug|Any CPU
		{3772208A-2DC3-4CE4-9A74-2D07086CCD09}.Release|Any CPU.ActiveCfg = Release|Any CPU
		{3772208A-2DC3-4CE4-9A74-2D07086CCD09}.Release|Any CPU.Build.0 = Release|Any CPU
		{925F83AA-99D1-472E-9E49-C41A965E674C}.Debug|Any CPU.ActiveCfg = Debug|Any CPU
		{925F83AA-99D1-472E-9E49-C41A965E674C}.Debug|Any CPU.Build.0 = Debug|Any CPU
		{925F83AA-99D1-472E-9E49-C41A965E674C}.Release|Any CPU.ActiveCfg = Release|Any CPU
		{925F83AA-99D1-472E-9E49-C41A965E674C}.Release|Any CPU.Build.0 = Release|Any CPU
	EndGlobalSection
	GlobalSection(SolutionProperties) = preSolution
		HideSolutionNode = FALSE
	EndGlobalSection
	GlobalSection(ExtensibilityGlobals) = postSolution
		SolutionGuid = {C1661713-ECBE-457D-BAB7-A5760F87D5F6}
	EndGlobalSection
EndGlobal
